// !$*UTF8*$!
{
	archiveVersion = 1;
	classes = {
	};
	objectVersion = 51;
	objects = {

/* Begin PBXBuildFile section */
		0407512B26D896D5005A97FF /* NSArray+FLYUnicode.m in Sources */ = {isa = PBXBuildFile; fileRef = 0407512926D896D5005A97FF /* NSArray+FLYUnicode.m */; };
		0407512E26D8AFAD005A97FF /* NSDictionary+FLYUnicode.m in Sources */ = {isa = PBXBuildFile; fileRef = 0407512D26D8AFAD005A97FF /* NSDictionary+FLYUnicode.m */; };
		0407513426D8B892005A97FF /* UIImage+FLYExtension.m in Sources */ = {isa = PBXBuildFile; fileRef = 0407513326D8B892005A97FF /* UIImage+FLYExtension.m */; };
		0407513A26D8C98C005A97FF /* UIImageView+FLYExtension.m in Sources */ = {isa = PBXBuildFile; fileRef = 0407513926D8C98C005A97FF /* UIImageView+FLYExtension.m */; };
		0407513E26D8CC67005A97FF /* NSDate+FLYExtension.m in Sources */ = {isa = PBXBuildFile; fileRef = 0407513D26D8CC67005A97FF /* NSDate+FLYExtension.m */; };
		0407514626DE21F3005A97FF /* UICollectionView+FLYRefresh.m in Sources */ = {isa = PBXBuildFile; fileRef = 0407514426DE21F3005A97FF /* UICollectionView+FLYRefresh.m */; };
		0407514926DE2200005A97FF /* UITableView+FLYRefresh.m in Sources */ = {isa = PBXBuildFile; fileRef = 0407514726DE2200005A97FF /* UITableView+FLYRefresh.m */; };
		0407514D26DE3476005A97FF /* FLYExceptionView.m in Sources */ = {isa = PBXBuildFile; fileRef = 0407514B26DE3476005A97FF /* FLYExceptionView.m */; };
		0407515126DF1B67005A97FF /* FLYTextView.m in Sources */ = {isa = PBXBuildFile; fileRef = 0407515026DF1B67005A97FF /* FLYTextView.m */; };
		0407515526E0A91C005A97FF /* FLYLabel.m in Sources */ = {isa = PBXBuildFile; fileRef = 0407515426E0A91B005A97FF /* FLYLabel.m */; };
		0407515826E5ADF7005A97FF /* FLYDeviceManager.m in Sources */ = {isa = PBXBuildFile; fileRef = 0407515726E5ADF6005A97FF /* FLYDeviceManager.m */; };
		041508A227756AE200D58078 /* FLYBaseCollectionViewController.m in Sources */ = {isa = PBXBuildFile; fileRef = 041508A127756AE200D58078 /* FLYBaseCollectionViewController.m */; };
		041D6E6B26C3698E008015B6 /* FLYTools.m in Sources */ = {isa = PBXBuildFile; fileRef = 041D6E6A26C3698E008015B6 /* FLYTools.m */; };
		0424B1012757588900681A3B /* FLYBaseTableViewController.m in Sources */ = {isa = PBXBuildFile; fileRef = 0424B1002757588900681A3B /* FLYBaseTableViewController.m */; };
		0424B1072758983A00681A3B /* FLYSegmentBarConfig.m in Sources */ = {isa = PBXBuildFile; fileRef = 0424B1052758983A00681A3B /* FLYSegmentBarConfig.m */; };
		0424B1082758983A00681A3B /* FLYSegmentBar.m in Sources */ = {isa = PBXBuildFile; fileRef = 0424B1062758983A00681A3B /* FLYSegmentBar.m */; };
		042A999526C64D50000B58CF /* FLYButton.m in Sources */ = {isa = PBXBuildFile; fileRef = 042A999326C64D50000B58CF /* FLYButton.m */; };
		043F1FA727D9F685004F0DD9 /* FLYScanCodeViewController.swift in Sources */ = {isa = PBXBuildFile; fileRef = 043F1FA627D9F685004F0DD9 /* FLYScanCodeViewController.swift */; };
		044EC98326C65D0D006BB549 /* UIAlertController+FLYExtension.m in Sources */ = {isa = PBXBuildFile; fileRef = 044EC98126C65D0D006BB549 /* UIAlertController+FLYExtension.m */; };
		044EC98726C66975006BB549 /* FLYPopupView.m in Sources */ = {isa = PBXBuildFile; fileRef = 044EC98526C66975006BB549 /* FLYPopupView.m */; };
		044EC98D26C678E9006BB549 /* UIView+FLYFrame.m in Sources */ = {isa = PBXBuildFile; fileRef = 044EC98C26C678E9006BB549 /* UIView+FLYFrame.m */; };
		044EC99026C67C45006BB549 /* UIColor+FLYHex.m in Sources */ = {isa = PBXBuildFile; fileRef = 044EC98F26C67C45006BB549 /* UIColor+FLYHex.m */; };
		044EC99426C67E47006BB549 /* UIView+FLYLayer.m in Sources */ = {isa = PBXBuildFile; fileRef = 044EC99326C67E47006BB549 /* UIView+FLYLayer.m */; };
		04584EC527D0CA6C00381E4B /* FLYPresentationController.m in Sources */ = {isa = PBXBuildFile; fileRef = 04584EBF27D0CA6B00381E4B /* FLYPresentationController.m */; };
		04584EC627D0CA6C00381E4B /* FLYAnimated.m in Sources */ = {isa = PBXBuildFile; fileRef = 04584EC027D0CA6B00381E4B /* FLYAnimated.m */; };
		04584EC727D0CA6C00381E4B /* FLYPopup.m in Sources */ = {isa = PBXBuildFile; fileRef = 04584EC327D0CA6B00381E4B /* FLYPopup.m */; };
		045F046D26CA3D6C00EAFFD9 /* FLYFileManager.m in Sources */ = {isa = PBXBuildFile; fileRef = 045F046C26CA3D6C00EAFFD9 /* FLYFileManager.m */; };
		045F047126CA3DE400EAFFD9 /* FLYTime.m in Sources */ = {isa = PBXBuildFile; fileRef = 045F047026CA3DE400EAFFD9 /* FLYTime.m */; };
		045F047526CA41D800EAFFD9 /* FLYAudioTools.m in Sources */ = {isa = PBXBuildFile; fileRef = 045F047426CA41D800EAFFD9 /* FLYAudioTools.m */; };
		045F047926CA42AA00EAFFD9 /* FLYPhotoManager.m in Sources */ = {isa = PBXBuildFile; fileRef = 045F047826CA42AA00EAFFD9 /* FLYPhotoManager.m */; };
		045F047D26CA4FB100EAFFD9 /* FLYCountdownButton.m in Sources */ = {isa = PBXBuildFile; fileRef = 045F047C26CA4FB100EAFFD9 /* FLYCountdownButton.m */; };
		04660CAB27264EEE00492326 /* FLYAES.m in Sources */ = {isa = PBXBuildFile; fileRef = 04660CAA27264EEE00492326 /* FLYAES.m */; };
		04660CAE27265D3400492326 /* FLYHash.m in Sources */ = {isa = PBXBuildFile; fileRef = 04660CAD27265D3400492326 /* FLYHash.m */; };
		04660CB12726798400492326 /* FLYBase64.m in Sources */ = {isa = PBXBuildFile; fileRef = 04660CB02726798400492326 /* FLYBase64.m */; };
		046D192F26E620A300D9FD46 /* FLYTabBarController.m in Sources */ = {isa = PBXBuildFile; fileRef = 046D192E26E620A300D9FD46 /* FLYTabBarController.m */; };
		046D193226E620C700D9FD46 /* FLYNavigationController.m in Sources */ = {isa = PBXBuildFile; fileRef = 046D193126E620C700D9FD46 /* FLYNavigationController.m */; };
		046D19B226E707A100D9FD46 /* Tabbar.plist in Resources */ = {isa = PBXBuildFile; fileRef = 046D19B126E707A000D9FD46 /* Tabbar.plist */; };
		046D19C326E733AB00D9FD46 /* UIBarButtonItem+FLYExtension.m in Sources */ = {isa = PBXBuildFile; fileRef = 046D19C126E733AA00D9FD46 /* UIBarButtonItem+FLYExtension.m */; };
		046D19CE26E7379F00D9FD46 /* FLYViewController.m in Sources */ = {isa = PBXBuildFile; fileRef = 046D19CC26E7379F00D9FD46 /* FLYViewController.m */; };
		046D19D426E7382600D9FD46 /* FLYBaseViewController.m in Sources */ = {isa = PBXBuildFile; fileRef = 046D19D326E7382600D9FD46 /* FLYBaseViewController.m */; };
		046D19D726E7385F00D9FD46 /* FLYHomeViewController.m in Sources */ = {isa = PBXBuildFile; fileRef = 046D19D626E7385F00D9FD46 /* FLYHomeViewController.m */; };
		046D19DA26E7389000D9FD46 /* FLYMessageViewController.m in Sources */ = {isa = PBXBuildFile; fileRef = 046D19D926E7389000D9FD46 /* FLYMessageViewController.m */; };
		046D19DD26E738A100D9FD46 /* FLYMyViewController.m in Sources */ = {isa = PBXBuildFile; fileRef = 046D19DC26E738A100D9FD46 /* FLYMyViewController.m */; };
		046D8DA0271FE606004F8F72 /* FLYRSA.m in Sources */ = {isa = PBXBuildFile; fileRef = 046D8D9F271FE606004F8F72 /* FLYRSA.m */; };
		04729B5D2744A0D5007D0F48 /* FLYModel.m in Sources */ = {isa = PBXBuildFile; fileRef = 04729B5C2744A0D5007D0F48 /* FLYModel.m */; };
		04778875275DA53300F284F6 /* FLYPageScrollView.m in Sources */ = {isa = PBXBuildFile; fileRef = 04778874275DA53300F284F6 /* FLYPageScrollView.m */; };
		047B5B7E271E6CE600523014 /* jianhua-art.com.cer in Resources */ = {isa = PBXBuildFile; fileRef = 047B5B7D271E6CE600523014 /* jianhua-art.com.cer */; };
		047D611927195CC900EEE13F /* NSString+FLYExtension.m in Sources */ = {isa = PBXBuildFile; fileRef = 047D611827195CC900EEE13F /* NSString+FLYExtension.m */; };
		047DC46827116F1E0012152A /* FLYNetwork.m in Sources */ = {isa = PBXBuildFile; fileRef = 047DC46727116F1E0012152A /* FLYNetwork.m */; };
		047DC47227119B340012152A /* FLYNetworkTool.m in Sources */ = {isa = PBXBuildFile; fileRef = 047DC47127119B340012152A /* FLYNetworkTool.m */; };
		047DC475271550A00012152A /* FLYConfigureSDK.m in Sources */ = {isa = PBXBuildFile; fileRef = 047DC474271550A00012152A /* FLYConfigureSDK.m */; };
		047DC4782716A7910012152A /* NSString+FLYHandle.m in Sources */ = {isa = PBXBuildFile; fileRef = 047DC4772716A7910012152A /* NSString+FLYHandle.m */; };
		04803E6326051C4A006EA35B /* AppDelegate.m in Sources */ = {isa = PBXBuildFile; fileRef = 04803E6226051C4A006EA35B /* AppDelegate.m */; };
		04803E6E26051C4F006EA35B /* Assets.xcassets in Resources */ = {isa = PBXBuildFile; fileRef = 04803E6D26051C4F006EA35B /* Assets.xcassets */; };
		04803E7126051C4F006EA35B /* LaunchScreen.storyboard in Resources */ = {isa = PBXBuildFile; fileRef = 04803E6F26051C4F006EA35B /* LaunchScreen.storyboard */; };
		04803E7426051C4F006EA35B /* main.m in Sources */ = {isa = PBXBuildFile; fileRef = 04803E7326051C4F006EA35B /* main.m */; };
		0494584026C4C10900A81B70 /* NSString+FLYVerification.m in Sources */ = {isa = PBXBuildFile; fileRef = 0494583F26C4C10900A81B70 /* NSString+FLYVerification.m */; };
		0494584826C63E3D00A81B70 /* UIButton+FLYExtension.m in Sources */ = {isa = PBXBuildFile; fileRef = 0494584726C63E3D00A81B70 /* UIButton+FLYExtension.m */; };
		049BA00026FC1F1300AB7F7C /* FLYTextField.m in Sources */ = {isa = PBXBuildFile; fileRef = 049B9FFF26FC1F1300AB7F7C /* FLYTextField.m */; };
		04A0DF1C272FBC2E002C593A /* FLYKeychain.m in Sources */ = {isa = PBXBuildFile; fileRef = 04A0DF1B272FBC2E002C593A /* FLYKeychain.m */; };
		04C2E85726E8A84B003E7C0C /* FLYKeyValueModel.m in Sources */ = {isa = PBXBuildFile; fileRef = 04C2E85626E8A84B003E7C0C /* FLYKeyValueModel.m */; };
		04C2E86A26E9CDB9003E7C0C /* UIView+FLYExtension.m in Sources */ = {isa = PBXBuildFile; fileRef = 04C2E86926E9CDB9003E7C0C /* UIView+FLYExtension.m */; };
		04C80D3B26F24C1E00FD1F62 /* FLYUser.m in Sources */ = {isa = PBXBuildFile; fileRef = 04C80D3726F24C1E00FD1F62 /* FLYUser.m */; };
		04C80D3C26F24C1E00FD1F62 /* FLYUserAction.m in Sources */ = {isa = PBXBuildFile; fileRef = 04C80D3A26F24C1E00FD1F62 /* FLYUserAction.m */; };
		04FDB5C2264B7A26006B3B11 /* UIView+FLYLayoutConstraint.m in Sources */ = {isa = PBXBuildFile; fileRef = 04FDB5C1264B7A26006B3B11 /* UIView+FLYLayoutConstraint.m */; };
		5B7D65D46AD254B7CE6E58ED /* Pods_FLYKit.framework in Frameworks */ = {isa = PBXBuildFile; fileRef = 452E49C9F5336ED66B640F99 /* Pods_FLYKit.framework */; };
/* End PBXBuildFile section */

/* Begin PBXFileReference section */
		0407512926D896D5005A97FF /* NSArray+FLYUnicode.m */ = {isa = PBXFileReference; fileEncoding = 4; lastKnownFileType = sourcecode.c.objc; path = "NSArray+FLYUnicode.m"; sourceTree = "<group>"; };
		0407512A26D896D5005A97FF /* NSArray+FLYUnicode.h */ = {isa = PBXFileReference; fileEncoding = 4; lastKnownFileType = sourcecode.c.h; path = "NSArray+FLYUnicode.h"; sourceTree = "<group>"; };
		0407512C26D8AFAC005A97FF /* NSDictionary+FLYUnicode.h */ = {isa = PBXFileReference; lastKnownFileType = sourcecode.c.h; path = "NSDictionary+FLYUnicode.h"; sourceTree = "<group>"; };
		0407512D26D8AFAD005A97FF /* NSDictionary+FLYUnicode.m */ = {isa = PBXFileReference; lastKnownFileType = sourcecode.c.objc; path = "NSDictionary+FLYUnicode.m"; sourceTree = "<group>"; };
		0407513226D8B892005A97FF /* UIImage+FLYExtension.h */ = {isa = PBXFileReference; lastKnownFileType = sourcecode.c.h; path = "UIImage+FLYExtension.h"; sourceTree = "<group>"; };
		0407513326D8B892005A97FF /* UIImage+FLYExtension.m */ = {isa = PBXFileReference; lastKnownFileType = sourcecode.c.objc; path = "UIImage+FLYExtension.m"; sourceTree = "<group>"; };
		0407513826D8C98C005A97FF /* UIImageView+FLYExtension.h */ = {isa = PBXFileReference; lastKnownFileType = sourcecode.c.h; path = "UIImageView+FLYExtension.h"; sourceTree = "<group>"; };
		0407513926D8C98C005A97FF /* UIImageView+FLYExtension.m */ = {isa = PBXFileReference; lastKnownFileType = sourcecode.c.objc; path = "UIImageView+FLYExtension.m"; sourceTree = "<group>"; };
		0407513C26D8CC67005A97FF /* NSDate+FLYExtension.h */ = {isa = PBXFileReference; lastKnownFileType = sourcecode.c.h; path = "NSDate+FLYExtension.h"; sourceTree = "<group>"; };
		0407513D26D8CC67005A97FF /* NSDate+FLYExtension.m */ = {isa = PBXFileReference; lastKnownFileType = sourcecode.c.objc; path = "NSDate+FLYExtension.m"; sourceTree = "<group>"; };
		0407514426DE21F3005A97FF /* UICollectionView+FLYRefresh.m */ = {isa = PBXFileReference; fileEncoding = 4; lastKnownFileType = sourcecode.c.objc; path = "UICollectionView+FLYRefresh.m"; sourceTree = "<group>"; };
		0407514526DE21F3005A97FF /* UICollectionView+FLYRefresh.h */ = {isa = PBXFileReference; fileEncoding = 4; lastKnownFileType = sourcecode.c.h; path = "UICollectionView+FLYRefresh.h"; sourceTree = "<group>"; };
		0407514726DE2200005A97FF /* UITableView+FLYRefresh.m */ = {isa = PBXFileReference; fileEncoding = 4; lastKnownFileType = sourcecode.c.objc; path = "UITableView+FLYRefresh.m"; sourceTree = "<group>"; };
		0407514826DE2200005A97FF /* UITableView+FLYRefresh.h */ = {isa = PBXFileReference; fileEncoding = 4; lastKnownFileType = sourcecode.c.h; path = "UITableView+FLYRefresh.h"; sourceTree = "<group>"; };
		0407514B26DE3476005A97FF /* FLYExceptionView.m */ = {isa = PBXFileReference; fileEncoding = 4; lastKnownFileType = sourcecode.c.objc; path = FLYExceptionView.m; sourceTree = "<group>"; };
		0407514C26DE3476005A97FF /* FLYExceptionView.h */ = {isa = PBXFileReference; fileEncoding = 4; lastKnownFileType = sourcecode.c.h; path = FLYExceptionView.h; sourceTree = "<group>"; };
		0407514F26DF1B67005A97FF /* FLYTextView.h */ = {isa = PBXFileReference; lastKnownFileType = sourcecode.c.h; path = FLYTextView.h; sourceTree = "<group>"; };
		0407515026DF1B67005A97FF /* FLYTextView.m */ = {isa = PBXFileReference; lastKnownFileType = sourcecode.c.objc; path = FLYTextView.m; sourceTree = "<group>"; };
		0407515326E0A91B005A97FF /* FLYLabel.h */ = {isa = PBXFileReference; lastKnownFileType = sourcecode.c.h; path = FLYLabel.h; sourceTree = "<group>"; };
		0407515426E0A91B005A97FF /* FLYLabel.m */ = {isa = PBXFileReference; lastKnownFileType = sourcecode.c.objc; path = FLYLabel.m; sourceTree = "<group>"; };
		0407515626E5ADF6005A97FF /* FLYDeviceManager.h */ = {isa = PBXFileReference; lastKnownFileType = sourcecode.c.h; path = FLYDeviceManager.h; sourceTree = "<group>"; };
		0407515726E5ADF6005A97FF /* FLYDeviceManager.m */ = {isa = PBXFileReference; lastKnownFileType = sourcecode.c.objc; path = FLYDeviceManager.m; sourceTree = "<group>"; };
		041508A027756AE100D58078 /* FLYBaseCollectionViewController.h */ = {isa = PBXFileReference; fileEncoding = 4; lastKnownFileType = sourcecode.c.h; path = FLYBaseCollectionViewController.h; sourceTree = "<group>"; };
		041508A127756AE200D58078 /* FLYBaseCollectionViewController.m */ = {isa = PBXFileReference; fileEncoding = 4; lastKnownFileType = sourcecode.c.objc; path = FLYBaseCollectionViewController.m; sourceTree = "<group>"; };
		041D6E6926C3698E008015B6 /* FLYTools.h */ = {isa = PBXFileReference; lastKnownFileType = sourcecode.c.h; path = FLYTools.h; sourceTree = "<group>"; };
		041D6E6A26C3698E008015B6 /* FLYTools.m */ = {isa = PBXFileReference; lastKnownFileType = sourcecode.c.objc; path = FLYTools.m; sourceTree = "<group>"; };
		0424B0FF2757588900681A3B /* FLYBaseTableViewController.h */ = {isa = PBXFileReference; fileEncoding = 4; lastKnownFileType = sourcecode.c.h; path = FLYBaseTableViewController.h; sourceTree = "<group>"; };
		0424B1002757588900681A3B /* FLYBaseTableViewController.m */ = {isa = PBXFileReference; fileEncoding = 4; lastKnownFileType = sourcecode.c.objc; path = FLYBaseTableViewController.m; sourceTree = "<group>"; };
		0424B1032758983A00681A3B /* FLYSegmentBarConfig.h */ = {isa = PBXFileReference; fileEncoding = 4; lastKnownFileType = sourcecode.c.h; path = FLYSegmentBarConfig.h; sourceTree = "<group>"; };
		0424B1042758983A00681A3B /* FLYSegmentBar.h */ = {isa = PBXFileReference; fileEncoding = 4; lastKnownFileType = sourcecode.c.h; path = FLYSegmentBar.h; sourceTree = "<group>"; };
		0424B1052758983A00681A3B /* FLYSegmentBarConfig.m */ = {isa = PBXFileReference; fileEncoding = 4; lastKnownFileType = sourcecode.c.objc; path = FLYSegmentBarConfig.m; sourceTree = "<group>"; };
		0424B1062758983A00681A3B /* FLYSegmentBar.m */ = {isa = PBXFileReference; fileEncoding = 4; lastKnownFileType = sourcecode.c.objc; path = FLYSegmentBar.m; sourceTree = "<group>"; };
		042A999326C64D50000B58CF /* FLYButton.m */ = {isa = PBXFileReference; fileEncoding = 4; lastKnownFileType = sourcecode.c.objc; path = FLYButton.m; sourceTree = "<group>"; };
		042A999426C64D50000B58CF /* FLYButton.h */ = {isa = PBXFileReference; fileEncoding = 4; lastKnownFileType = sourcecode.c.h; path = FLYButton.h; sourceTree = "<group>"; };
		043F1FA527D9F685004F0DD9 /* FLYKit-Bridging-Header.h */ = {isa = PBXFileReference; lastKnownFileType = sourcecode.c.h; path = "FLYKit-Bridging-Header.h"; sourceTree = "<group>"; };
		043F1FA627D9F685004F0DD9 /* FLYScanCodeViewController.swift */ = {isa = PBXFileReference; lastKnownFileType = sourcecode.swift; path = FLYScanCodeViewController.swift; sourceTree = "<group>"; };
		044EC98126C65D0D006BB549 /* UIAlertController+FLYExtension.m */ = {isa = PBXFileReference; fileEncoding = 4; lastKnownFileType = sourcecode.c.objc; path = "UIAlertController+FLYExtension.m"; sourceTree = "<group>"; };
		044EC98226C65D0D006BB549 /* UIAlertController+FLYExtension.h */ = {isa = PBXFileReference; fileEncoding = 4; lastKnownFileType = sourcecode.c.h; path = "UIAlertController+FLYExtension.h"; sourceTree = "<group>"; };
		044EC98526C66975006BB549 /* FLYPopupView.m */ = {isa = PBXFileReference; fileEncoding = 4; lastKnownFileType = sourcecode.c.objc; path = FLYPopupView.m; sourceTree = "<group>"; };
		044EC98626C66975006BB549 /* FLYPopupView.h */ = {isa = PBXFileReference; fileEncoding = 4; lastKnownFileType = sourcecode.c.h; path = FLYPopupView.h; sourceTree = "<group>"; };
		044EC98926C66DBC006BB549 /* FLYMacros.h */ = {isa = PBXFileReference; fileEncoding = 4; lastKnownFileType = sourcecode.c.h; path = FLYMacros.h; sourceTree = "<group>"; };
		044EC98A26C67416006BB549 /* PrefixHeader.pch */ = {isa = PBXFileReference; lastKnownFileType = sourcecode.c.h; path = PrefixHeader.pch; sourceTree = "<group>"; };
		044EC98B26C678E9006BB549 /* UIView+FLYFrame.h */ = {isa = PBXFileReference; lastKnownFileType = sourcecode.c.h; path = "UIView+FLYFrame.h"; sourceTree = "<group>"; };
		044EC98C26C678E9006BB549 /* UIView+FLYFrame.m */ = {isa = PBXFileReference; lastKnownFileType = sourcecode.c.objc; path = "UIView+FLYFrame.m"; sourceTree = "<group>"; };
		044EC98E26C67C45006BB549 /* UIColor+FLYHex.h */ = {isa = PBXFileReference; fileEncoding = 4; lastKnownFileType = sourcecode.c.h; path = "UIColor+FLYHex.h"; sourceTree = "<group>"; };
		044EC98F26C67C45006BB549 /* UIColor+FLYHex.m */ = {isa = PBXFileReference; fileEncoding = 4; lastKnownFileType = sourcecode.c.objc; path = "UIColor+FLYHex.m"; sourceTree = "<group>"; };
		044EC99226C67E47006BB549 /* UIView+FLYLayer.h */ = {isa = PBXFileReference; lastKnownFileType = sourcecode.c.h; path = "UIView+FLYLayer.h"; sourceTree = "<group>"; };
		044EC99326C67E47006BB549 /* UIView+FLYLayer.m */ = {isa = PBXFileReference; lastKnownFileType = sourcecode.c.objc; path = "UIView+FLYLayer.m"; sourceTree = "<group>"; };
		04584EBF27D0CA6B00381E4B /* FLYPresentationController.m */ = {isa = PBXFileReference; fileEncoding = 4; lastKnownFileType = sourcecode.c.objc; path = FLYPresentationController.m; sourceTree = "<group>"; };
		04584EC027D0CA6B00381E4B /* FLYAnimated.m */ = {isa = PBXFileReference; fileEncoding = 4; lastKnownFileType = sourcecode.c.objc; path = FLYAnimated.m; sourceTree = "<group>"; };
		04584EC127D0CA6B00381E4B /* FLYAnimated.h */ = {isa = PBXFileReference; fileEncoding = 4; lastKnownFileType = sourcecode.c.h; path = FLYAnimated.h; sourceTree = "<group>"; };
		04584EC227D0CA6B00381E4B /* FLYPresentationController.h */ = {isa = PBXFileReference; fileEncoding = 4; lastKnownFileType = sourcecode.c.h; path = FLYPresentationController.h; sourceTree = "<group>"; };
		04584EC327D0CA6B00381E4B /* FLYPopup.m */ = {isa = PBXFileReference; fileEncoding = 4; lastKnownFileType = sourcecode.c.objc; path = FLYPopup.m; sourceTree = "<group>"; };
		04584EC427D0CA6C00381E4B /* FLYPopup.h */ = {isa = PBXFileReference; fileEncoding = 4; lastKnownFileType = sourcecode.c.h; path = FLYPopup.h; sourceTree = "<group>"; };
		045F046B26CA3D6C00EAFFD9 /* FLYFileManager.h */ = {isa = PBXFileReference; fileEncoding = 4; lastKnownFileType = sourcecode.c.h; path = FLYFileManager.h; sourceTree = "<group>"; };
		045F046C26CA3D6C00EAFFD9 /* FLYFileManager.m */ = {isa = PBXFileReference; fileEncoding = 4; lastKnownFileType = sourcecode.c.objc; path = FLYFileManager.m; sourceTree = "<group>"; };
		045F046F26CA3DE400EAFFD9 /* FLYTime.h */ = {isa = PBXFileReference; fileEncoding = 4; lastKnownFileType = sourcecode.c.h; path = FLYTime.h; sourceTree = "<group>"; };
		045F047026CA3DE400EAFFD9 /* FLYTime.m */ = {isa = PBXFileReference; fileEncoding = 4; lastKnownFileType = sourcecode.c.objc; path = FLYTime.m; sourceTree = "<group>"; };
		045F047326CA41D800EAFFD9 /* FLYAudioTools.h */ = {isa = PBXFileReference; fileEncoding = 4; lastKnownFileType = sourcecode.c.h; path = FLYAudioTools.h; sourceTree = "<group>"; };
		045F047426CA41D800EAFFD9 /* FLYAudioTools.m */ = {isa = PBXFileReference; fileEncoding = 4; lastKnownFileType = sourcecode.c.objc; path = FLYAudioTools.m; sourceTree = "<group>"; };
		045F047726CA42AA00EAFFD9 /* FLYPhotoManager.h */ = {isa = PBXFileReference; fileEncoding = 4; lastKnownFileType = sourcecode.c.h; path = FLYPhotoManager.h; sourceTree = "<group>"; };
		045F047826CA42AA00EAFFD9 /* FLYPhotoManager.m */ = {isa = PBXFileReference; fileEncoding = 4; lastKnownFileType = sourcecode.c.objc; path = FLYPhotoManager.m; sourceTree = "<group>"; };
		045F047B26CA4FB100EAFFD9 /* FLYCountdownButton.h */ = {isa = PBXFileReference; fileEncoding = 4; lastKnownFileType = sourcecode.c.h; path = FLYCountdownButton.h; sourceTree = "<group>"; };
		045F047C26CA4FB100EAFFD9 /* FLYCountdownButton.m */ = {isa = PBXFileReference; fileEncoding = 4; lastKnownFileType = sourcecode.c.objc; path = FLYCountdownButton.m; sourceTree = "<group>"; };
		04660CA927264EEE00492326 /* FLYAES.h */ = {isa = PBXFileReference; lastKnownFileType = sourcecode.c.h; path = FLYAES.h; sourceTree = "<group>"; };
		04660CAA27264EEE00492326 /* FLYAES.m */ = {isa = PBXFileReference; lastKnownFileType = sourcecode.c.objc; path = FLYAES.m; sourceTree = "<group>"; };
		04660CAC27265D3400492326 /* FLYHash.h */ = {isa = PBXFileReference; lastKnownFileType = sourcecode.c.h; path = FLYHash.h; sourceTree = "<group>"; };
		04660CAD27265D3400492326 /* FLYHash.m */ = {isa = PBXFileReference; lastKnownFileType = sourcecode.c.objc; path = FLYHash.m; sourceTree = "<group>"; };
		04660CAF2726798400492326 /* FLYBase64.h */ = {isa = PBXFileReference; lastKnownFileType = sourcecode.c.h; path = FLYBase64.h; sourceTree = "<group>"; };
		04660CB02726798400492326 /* FLYBase64.m */ = {isa = PBXFileReference; lastKnownFileType = sourcecode.c.objc; path = FLYBase64.m; sourceTree = "<group>"; };
		046D192D26E620A300D9FD46 /* FLYTabBarController.h */ = {isa = PBXFileReference; lastKnownFileType = sourcecode.c.h; path = FLYTabBarController.h; sourceTree = "<group>"; };
		046D192E26E620A300D9FD46 /* FLYTabBarController.m */ = {isa = PBXFileReference; lastKnownFileType = sourcecode.c.objc; path = FLYTabBarController.m; sourceTree = "<group>"; };
		046D193026E620C700D9FD46 /* FLYNavigationController.h */ = {isa = PBXFileReference; lastKnownFileType = sourcecode.c.h; path = FLYNavigationController.h; sourceTree = "<group>"; };
		046D193126E620C700D9FD46 /* FLYNavigationController.m */ = {isa = PBXFileReference; lastKnownFileType = sourcecode.c.objc; path = FLYNavigationController.m; sourceTree = "<group>"; };
		046D19B126E707A000D9FD46 /* Tabbar.plist */ = {isa = PBXFileReference; fileEncoding = 4; lastKnownFileType = text.plist.xml; path = Tabbar.plist; sourceTree = "<group>"; };
		046D19C126E733AA00D9FD46 /* UIBarButtonItem+FLYExtension.m */ = {isa = PBXFileReference; fileEncoding = 4; lastKnownFileType = sourcecode.c.objc; path = "UIBarButtonItem+FLYExtension.m"; sourceTree = "<group>"; };
		046D19C226E733AA00D9FD46 /* UIBarButtonItem+FLYExtension.h */ = {isa = PBXFileReference; fileEncoding = 4; lastKnownFileType = sourcecode.c.h; path = "UIBarButtonItem+FLYExtension.h"; sourceTree = "<group>"; };
		046D19CC26E7379F00D9FD46 /* FLYViewController.m */ = {isa = PBXFileReference; fileEncoding = 4; lastKnownFileType = sourcecode.c.objc; path = FLYViewController.m; sourceTree = "<group>"; };
		046D19CD26E7379F00D9FD46 /* FLYViewController.h */ = {isa = PBXFileReference; fileEncoding = 4; lastKnownFileType = sourcecode.c.h; path = FLYViewController.h; sourceTree = "<group>"; };
		046D19D226E7382600D9FD46 /* FLYBaseViewController.h */ = {isa = PBXFileReference; lastKnownFileType = sourcecode.c.h; path = FLYBaseViewController.h; sourceTree = "<group>"; };
		046D19D326E7382600D9FD46 /* FLYBaseViewController.m */ = {isa = PBXFileReference; lastKnownFileType = sourcecode.c.objc; path = FLYBaseViewController.m; sourceTree = "<group>"; };
		046D19D526E7385F00D9FD46 /* FLYHomeViewController.h */ = {isa = PBXFileReference; lastKnownFileType = sourcecode.c.h; path = FLYHomeViewController.h; sourceTree = "<group>"; };
		046D19D626E7385F00D9FD46 /* FLYHomeViewController.m */ = {isa = PBXFileReference; lastKnownFileType = sourcecode.c.objc; path = FLYHomeViewController.m; sourceTree = "<group>"; };
		046D19D826E7389000D9FD46 /* FLYMessageViewController.h */ = {isa = PBXFileReference; lastKnownFileType = sourcecode.c.h; path = FLYMessageViewController.h; sourceTree = "<group>"; };
		046D19D926E7389000D9FD46 /* FLYMessageViewController.m */ = {isa = PBXFileReference; lastKnownFileType = sourcecode.c.objc; path = FLYMessageViewController.m; sourceTree = "<group>"; };
		046D19DB26E738A100D9FD46 /* FLYMyViewController.h */ = {isa = PBXFileReference; lastKnownFileType = sourcecode.c.h; path = FLYMyViewController.h; sourceTree = "<group>"; };
		046D19DC26E738A100D9FD46 /* FLYMyViewController.m */ = {isa = PBXFileReference; lastKnownFileType = sourcecode.c.objc; path = FLYMyViewController.m; sourceTree = "<group>"; };
		046D8D9E271FE606004F8F72 /* FLYRSA.h */ = {isa = PBXFileReference; lastKnownFileType = sourcecode.c.h; path = FLYRSA.h; sourceTree = "<group>"; };
		046D8D9F271FE606004F8F72 /* FLYRSA.m */ = {isa = PBXFileReference; lastKnownFileType = sourcecode.c.objc; path = FLYRSA.m; sourceTree = "<group>"; };
		04729B5B2744A0D5007D0F48 /* FLYModel.h */ = {isa = PBXFileReference; lastKnownFileType = sourcecode.c.h; path = FLYModel.h; sourceTree = "<group>"; };
		04729B5C2744A0D5007D0F48 /* FLYModel.m */ = {isa = PBXFileReference; lastKnownFileType = sourcecode.c.objc; path = FLYModel.m; sourceTree = "<group>"; };
		04778873275DA53300F284F6 /* FLYPageScrollView.h */ = {isa = PBXFileReference; lastKnownFileType = sourcecode.c.h; path = FLYPageScrollView.h; sourceTree = "<group>"; };
		04778874275DA53300F284F6 /* FLYPageScrollView.m */ = {isa = PBXFileReference; lastKnownFileType = sourcecode.c.objc; path = FLYPageScrollView.m; sourceTree = "<group>"; };
		047B5B7D271E6CE600523014 /* jianhua-art.com.cer */ = {isa = PBXFileReference; lastKnownFileType = file; path = "jianhua-art.com.cer"; sourceTree = "<group>"; };
		047D611727195CC900EEE13F /* NSString+FLYExtension.h */ = {isa = PBXFileReference; lastKnownFileType = sourcecode.c.h; path = "NSString+FLYExtension.h"; sourceTree = "<group>"; };
		047D611827195CC900EEE13F /* NSString+FLYExtension.m */ = {isa = PBXFileReference; lastKnownFileType = sourcecode.c.objc; path = "NSString+FLYExtension.m"; sourceTree = "<group>"; };
		047DC46627116F1E0012152A /* FLYNetwork.h */ = {isa = PBXFileReference; lastKnownFileType = sourcecode.c.h; path = FLYNetwork.h; sourceTree = "<group>"; };
		047DC46727116F1E0012152A /* FLYNetwork.m */ = {isa = PBXFileReference; lastKnownFileType = sourcecode.c.objc; path = FLYNetwork.m; sourceTree = "<group>"; };
		047DC469271181610012152A /* APIConfig.h */ = {isa = PBXFileReference; lastKnownFileType = sourcecode.c.h; path = APIConfig.h; sourceTree = "<group>"; };
		047DC47027119B340012152A /* FLYNetworkTool.h */ = {isa = PBXFileReference; lastKnownFileType = sourcecode.c.h; path = FLYNetworkTool.h; sourceTree = "<group>"; };
		047DC47127119B340012152A /* FLYNetworkTool.m */ = {isa = PBXFileReference; lastKnownFileType = sourcecode.c.objc; path = FLYNetworkTool.m; sourceTree = "<group>"; };
		047DC473271550A00012152A /* FLYConfigureSDK.h */ = {isa = PBXFileReference; lastKnownFileType = sourcecode.c.h; path = FLYConfigureSDK.h; sourceTree = "<group>"; };
		047DC474271550A00012152A /* FLYConfigureSDK.m */ = {isa = PBXFileReference; lastKnownFileType = sourcecode.c.objc; path = FLYConfigureSDK.m; sourceTree = "<group>"; };
		047DC4762716A7910012152A /* NSString+FLYHandle.h */ = {isa = PBXFileReference; lastKnownFileType = sourcecode.c.h; path = "NSString+FLYHandle.h"; sourceTree = "<group>"; };
		047DC4772716A7910012152A /* NSString+FLYHandle.m */ = {isa = PBXFileReference; lastKnownFileType = sourcecode.c.objc; path = "NSString+FLYHandle.m"; sourceTree = "<group>"; };
		04803E5E26051C4A006EA35B /* FLYKit.app */ = {isa = PBXFileReference; explicitFileType = wrapper.application; includeInIndex = 0; path = FLYKit.app; sourceTree = BUILT_PRODUCTS_DIR; };
		04803E6126051C4A006EA35B /* AppDelegate.h */ = {isa = PBXFileReference; lastKnownFileType = sourcecode.c.h; path = AppDelegate.h; sourceTree = "<group>"; };
		04803E6226051C4A006EA35B /* AppDelegate.m */ = {isa = PBXFileReference; lastKnownFileType = sourcecode.c.objc; path = AppDelegate.m; sourceTree = "<group>"; };
		04803E6D26051C4F006EA35B /* Assets.xcassets */ = {isa = PBXFileReference; lastKnownFileType = folder.assetcatalog; path = Assets.xcassets; sourceTree = "<group>"; };
		04803E7026051C4F006EA35B /* Base */ = {isa = PBXFileReference; lastKnownFileType = file.storyboard; name = Base; path = Base.lproj/LaunchScreen.storyboard; sourceTree = "<group>"; };
		04803E7226051C4F006EA35B /* Info.plist */ = {isa = PBXFileReference; lastKnownFileType = text.plist.xml; path = Info.plist; sourceTree = "<group>"; };
		04803E7326051C4F006EA35B /* main.m */ = {isa = PBXFileReference; lastKnownFileType = sourcecode.c.objc; path = main.m; sourceTree = "<group>"; };
		0494583E26C4C10900A81B70 /* NSString+FLYVerification.h */ = {isa = PBXFileReference; lastKnownFileType = sourcecode.c.h; path = "NSString+FLYVerification.h"; sourceTree = "<group>"; };
		0494583F26C4C10900A81B70 /* NSString+FLYVerification.m */ = {isa = PBXFileReference; lastKnownFileType = sourcecode.c.objc; path = "NSString+FLYVerification.m"; sourceTree = "<group>"; };
		0494584626C63E3D00A81B70 /* UIButton+FLYExtension.h */ = {isa = PBXFileReference; lastKnownFileType = sourcecode.c.h; path = "UIButton+FLYExtension.h"; sourceTree = "<group>"; };
		0494584726C63E3D00A81B70 /* UIButton+FLYExtension.m */ = {isa = PBXFileReference; lastKnownFileType = sourcecode.c.objc; path = "UIButton+FLYExtension.m"; sourceTree = "<group>"; };
		049B9FFE26FC1F1300AB7F7C /* FLYTextField.h */ = {isa = PBXFileReference; lastKnownFileType = sourcecode.c.h; path = FLYTextField.h; sourceTree = "<group>"; };
		049B9FFF26FC1F1300AB7F7C /* FLYTextField.m */ = {isa = PBXFileReference; lastKnownFileType = sourcecode.c.objc; path = FLYTextField.m; sourceTree = "<group>"; };
		04A0DF1A272FBC2E002C593A /* FLYKeychain.h */ = {isa = PBXFileReference; lastKnownFileType = sourcecode.c.h; path = FLYKeychain.h; sourceTree = "<group>"; };
		04A0DF1B272FBC2E002C593A /* FLYKeychain.m */ = {isa = PBXFileReference; lastKnownFileType = sourcecode.c.objc; path = FLYKeychain.m; sourceTree = "<group>"; };
		04C2E85526E8A84B003E7C0C /* FLYKeyValueModel.h */ = {isa = PBXFileReference; fileEncoding = 4; lastKnownFileType = sourcecode.c.h; path = FLYKeyValueModel.h; sourceTree = "<group>"; };
		04C2E85626E8A84B003E7C0C /* FLYKeyValueModel.m */ = {isa = PBXFileReference; fileEncoding = 4; lastKnownFileType = sourcecode.c.objc; path = FLYKeyValueModel.m; sourceTree = "<group>"; };
		04C2E86826E9CDB9003E7C0C /* UIView+FLYExtension.h */ = {isa = PBXFileReference; fileEncoding = 4; lastKnownFileType = sourcecode.c.h; path = "UIView+FLYExtension.h"; sourceTree = "<group>"; };
		04C2E86926E9CDB9003E7C0C /* UIView+FLYExtension.m */ = {isa = PBXFileReference; fileEncoding = 4; lastKnownFileType = sourcecode.c.objc; path = "UIView+FLYExtension.m"; sourceTree = "<group>"; };
		04C80D3726F24C1E00FD1F62 /* FLYUser.m */ = {isa = PBXFileReference; fileEncoding = 4; lastKnownFileType = sourcecode.c.objc; path = FLYUser.m; sourceTree = "<group>"; };
		04C80D3826F24C1E00FD1F62 /* FLYUserAction.h */ = {isa = PBXFileReference; fileEncoding = 4; lastKnownFileType = sourcecode.c.h; path = FLYUserAction.h; sourceTree = "<group>"; };
		04C80D3926F24C1E00FD1F62 /* FLYUser.h */ = {isa = PBXFileReference; fileEncoding = 4; lastKnownFileType = sourcecode.c.h; path = FLYUser.h; sourceTree = "<group>"; };
		04C80D3A26F24C1E00FD1F62 /* FLYUserAction.m */ = {isa = PBXFileReference; fileEncoding = 4; lastKnownFileType = sourcecode.c.objc; path = FLYUserAction.m; sourceTree = "<group>"; };
		04FDB5C0264B7A26006B3B11 /* UIView+FLYLayoutConstraint.h */ = {isa = PBXFileReference; lastKnownFileType = sourcecode.c.h; path = "UIView+FLYLayoutConstraint.h"; sourceTree = "<group>"; };
		04FDB5C1264B7A26006B3B11 /* UIView+FLYLayoutConstraint.m */ = {isa = PBXFileReference; lastKnownFileType = sourcecode.c.objc; path = "UIView+FLYLayoutConstraint.m"; sourceTree = "<group>"; };
		452E49C9F5336ED66B640F99 /* Pods_FLYKit.framework */ = {isa = PBXFileReference; explicitFileType = wrapper.framework; includeInIndex = 0; path = Pods_FLYKit.framework; sourceTree = BUILT_PRODUCTS_DIR; };
		D4E828D598E39EC551AD67AE /* Pods-FLYKit.debug.xcconfig */ = {isa = PBXFileReference; includeInIndex = 1; lastKnownFileType = text.xcconfig; name = "Pods-FLYKit.debug.xcconfig"; path = "Target Support Files/Pods-FLYKit/Pods-FLYKit.debug.xcconfig"; sourceTree = "<group>"; };
		E2D3712E6CCF21F7E410653D /* Pods-FLYKit.release.xcconfig */ = {isa = PBXFileReference; includeInIndex = 1; lastKnownFileType = text.xcconfig; name = "Pods-FLYKit.release.xcconfig"; path = "Target Support Files/Pods-FLYKit/Pods-FLYKit.release.xcconfig"; sourceTree = "<group>"; };
/* End PBXFileReference section */

/* Begin PBXFrameworksBuildPhase section */
		04803E5B26051C4A006EA35B /* Frameworks */ = {
			isa = PBXFrameworksBuildPhase;
			buildActionMask = 2147483647;
			files = (
				5B7D65D46AD254B7CE6E58ED /* Pods_FLYKit.framework in Frameworks */,
			);
			runOnlyForDeploymentPostprocessing = 0;
		};
/* End PBXFrameworksBuildPhase section */

/* Begin PBXGroup section */
		0407512F26D8B496005A97FF /* NSArray */ = {
			isa = PBXGroup;
			children = (
				0407512A26D896D5005A97FF /* NSArray+FLYUnicode.h */,
				0407512926D896D5005A97FF /* NSArray+FLYUnicode.m */,
			);
			path = NSArray;
			sourceTree = "<group>";
		};
		0407513026D8B4FB005A97FF /* NSDictionary */ = {
			isa = PBXGroup;
			children = (
				0407512C26D8AFAC005A97FF /* NSDictionary+FLYUnicode.h */,
				0407512D26D8AFAD005A97FF /* NSDictionary+FLYUnicode.m */,
			);
			path = NSDictionary;
			sourceTree = "<group>";
		};
		0407513126D8B608005A97FF /* UIImage */ = {
			isa = PBXGroup;
			children = (
				0407513226D8B892005A97FF /* UIImage+FLYExtension.h */,
				0407513326D8B892005A97FF /* UIImage+FLYExtension.m */,
			);
			path = UIImage;
			sourceTree = "<group>";
		};
		0407513726D8C753005A97FF /* UIImageView */ = {
			isa = PBXGroup;
			children = (
				0407513826D8C98C005A97FF /* UIImageView+FLYExtension.h */,
				0407513926D8C98C005A97FF /* UIImageView+FLYExtension.m */,
			);
			path = UIImageView;
			sourceTree = "<group>";
		};
		0407513B26D8CC35005A97FF /* NSDate */ = {
			isa = PBXGroup;
			children = (
				0407513C26D8CC67005A97FF /* NSDate+FLYExtension.h */,
				0407513D26D8CC67005A97FF /* NSDate+FLYExtension.m */,
			);
			path = NSDate;
			sourceTree = "<group>";
		};
		0407514226DE20C4005A97FF /* UICollectionView */ = {
			isa = PBXGroup;
			children = (
				0407514526DE21F3005A97FF /* UICollectionView+FLYRefresh.h */,
				0407514426DE21F3005A97FF /* UICollectionView+FLYRefresh.m */,
			);
			path = UICollectionView;
			sourceTree = "<group>";
		};
		0407514326DE2169005A97FF /* UITableView */ = {
			isa = PBXGroup;
			children = (
				0407514826DE2200005A97FF /* UITableView+FLYRefresh.h */,
				0407514726DE2200005A97FF /* UITableView+FLYRefresh.m */,
			);
			path = UITableView;
			sourceTree = "<group>";
		};
		0407514A26DE3431005A97FF /* Other */ = {
			isa = PBXGroup;
			children = (
			);
			path = Other;
			sourceTree = "<group>";
		};
		0407514E26DF1B3F005A97FF /* UITextView */ = {
			isa = PBXGroup;
			children = (
				0407514F26DF1B67005A97FF /* FLYTextView.h */,
				0407515026DF1B67005A97FF /* FLYTextView.m */,
			);
			path = UITextView;
			sourceTree = "<group>";
		};
		0407515226E0A8FF005A97FF /* UILabel */ = {
			isa = PBXGroup;
			children = (
				0407515326E0A91B005A97FF /* FLYLabel.h */,
				0407515426E0A91B005A97FF /* FLYLabel.m */,
			);
			path = UILabel;
			sourceTree = "<group>";
		};
		041D6E6626C3681A008015B6 /* Class */ = {
			isa = PBXGroup;
			children = (
				0407515226E0A8FF005A97FF /* UILabel */,
				049B9FFD26FC1EEC00AB7F7C /* UITextField */,
				0407514E26DF1B3F005A97FF /* UITextView */,
				045F047A26CA4E0600EAFFD9 /* UIButton */,
				046D19CB26E7379F00D9FD46 /* UIViewController */,
			);
			path = Class;
			sourceTree = "<group>";
		};
		041D6E6726C3683E008015B6 /* Category */ = {
			isa = PBXGroup;
			children = (
				0407513026D8B4FB005A97FF /* NSDictionary */,
				0407512F26D8B496005A97FF /* NSArray */,
				0494584126C4C12000A81B70 /* NSString */,
				0407513B26D8CC35005A97FF /* NSDate */,
				044EC99126C67E21006BB549 /* UIColor */,
				044EC98026C65D0D006BB549 /* UIAlertController */,
				044EC97F26C65AF8006BB549 /* UIView */,
				0494584526C6211000A81B70 /* UIButton */,
				0407513126D8B608005A97FF /* UIImage */,
				0407513726D8C753005A97FF /* UIImageView */,
				0407514226DE20C4005A97FF /* UICollectionView */,
				0407514326DE2169005A97FF /* UITableView */,
				046D19C026E733AA00D9FD46 /* UIBarButtonItem */,
			);
			path = Category;
			sourceTree = "<group>";
		};
		041D6E6826C3694F008015B6 /* Tools */ = {
			isa = PBXGroup;
			children = (
				046D19EB26E73ECD00D9FD46 /* UITools */,
				046D19EA26E73ECA00D9FD46 /* FunctionTools */,
			);
			path = Tools;
			sourceTree = "<group>";
		};
		0424B1022758979800681A3B /* FLYSegmentBar */ = {
			isa = PBXGroup;
			children = (
				0424B1042758983A00681A3B /* FLYSegmentBar.h */,
				0424B1062758983A00681A3B /* FLYSegmentBar.m */,
				0424B1032758983A00681A3B /* FLYSegmentBarConfig.h */,
				0424B1052758983A00681A3B /* FLYSegmentBarConfig.m */,
				04778873275DA53300F284F6 /* FLYPageScrollView.h */,
				04778874275DA53300F284F6 /* FLYPageScrollView.m */,
			);
			path = FLYSegmentBar;
			sourceTree = "<group>";
		};
		044EC97F26C65AF8006BB549 /* UIView */ = {
			isa = PBXGroup;
			children = (
				044EC98B26C678E9006BB549 /* UIView+FLYFrame.h */,
				044EC98C26C678E9006BB549 /* UIView+FLYFrame.m */,
				04FDB5C0264B7A26006B3B11 /* UIView+FLYLayoutConstraint.h */,
				04FDB5C1264B7A26006B3B11 /* UIView+FLYLayoutConstraint.m */,
				044EC99226C67E47006BB549 /* UIView+FLYLayer.h */,
				044EC99326C67E47006BB549 /* UIView+FLYLayer.m */,
				04C2E86826E9CDB9003E7C0C /* UIView+FLYExtension.h */,
				04C2E86926E9CDB9003E7C0C /* UIView+FLYExtension.m */,
			);
			path = UIView;
			sourceTree = "<group>";
		};
		044EC98026C65D0D006BB549 /* UIAlertController */ = {
			isa = PBXGroup;
			children = (
				044EC98226C65D0D006BB549 /* UIAlertController+FLYExtension.h */,
				044EC98126C65D0D006BB549 /* UIAlertController+FLYExtension.m */,
			);
			path = UIAlertController;
			sourceTree = "<group>";
		};
		044EC98426C66940006BB549 /* FLYPopupView(弹窗) */ = {
			isa = PBXGroup;
			children = (
				044EC98626C66975006BB549 /* FLYPopupView.h */,
				044EC98526C66975006BB549 /* FLYPopupView.m */,
			);
			path = "FLYPopupView(弹窗)";
			sourceTree = "<group>";
		};
		044EC98826C66D5D006BB549 /* Constant */ = {
			isa = PBXGroup;
			children = (
				044EC98A26C67416006BB549 /* PrefixHeader.pch */,
				044EC98926C66DBC006BB549 /* FLYMacros.h */,
				047DC469271181610012152A /* APIConfig.h */,
				043F1FA527D9F685004F0DD9 /* FLYKit-Bridging-Header.h */,
			);
			path = Constant;
			sourceTree = "<group>";
		};
		044EC99126C67E21006BB549 /* UIColor */ = {
			isa = PBXGroup;
			children = (
				044EC98E26C67C45006BB549 /* UIColor+FLYHex.h */,
				044EC98F26C67C45006BB549 /* UIColor+FLYHex.m */,
			);
			path = UIColor;
			sourceTree = "<group>";
		};
		04584EBE27D0CA2C00381E4B /* FLYPopup */ = {
			isa = PBXGroup;
			children = (
				04584EC427D0CA6C00381E4B /* FLYPopup.h */,
				04584EC327D0CA6B00381E4B /* FLYPopup.m */,
				04584EC227D0CA6B00381E4B /* FLYPresentationController.h */,
				04584EBF27D0CA6B00381E4B /* FLYPresentationController.m */,
				04584EC127D0CA6B00381E4B /* FLYAnimated.h */,
				04584EC027D0CA6B00381E4B /* FLYAnimated.m */,
			);
			path = FLYPopup;
			sourceTree = "<group>";
		};
		045F046A26CA3D5400EAFFD9 /* File(文件管理者) */ = {
			isa = PBXGroup;
			children = (
				045F046B26CA3D6C00EAFFD9 /* FLYFileManager.h */,
				045F046C26CA3D6C00EAFFD9 /* FLYFileManager.m */,
			);
			path = "File(文件管理者)";
			sourceTree = "<group>";
		};
		045F046E26CA3DCE00EAFFD9 /* Time(时间) */ = {
			isa = PBXGroup;
			children = (
				045F046F26CA3DE400EAFFD9 /* FLYTime.h */,
				045F047026CA3DE400EAFFD9 /* FLYTime.m */,
			);
			path = "Time(时间)";
			sourceTree = "<group>";
		};
		045F047226CA41CD00EAFFD9 /* Audio(音效) */ = {
			isa = PBXGroup;
			children = (
				045F047326CA41D800EAFFD9 /* FLYAudioTools.h */,
				045F047426CA41D800EAFFD9 /* FLYAudioTools.m */,
			);
			path = "Audio(音效)";
			sourceTree = "<group>";
		};
		045F047626CA428000EAFFD9 /* Photo(相册) */ = {
			isa = PBXGroup;
			children = (
				045F047726CA42AA00EAFFD9 /* FLYPhotoManager.h */,
				045F047826CA42AA00EAFFD9 /* FLYPhotoManager.m */,
			);
			path = "Photo(相册)";
			sourceTree = "<group>";
		};
		045F047A26CA4E0600EAFFD9 /* UIButton */ = {
			isa = PBXGroup;
			children = (
				045F047B26CA4FB100EAFFD9 /* FLYCountdownButton.h */,
				045F047C26CA4FB100EAFFD9 /* FLYCountdownButton.m */,
				042A999426C64D50000B58CF /* FLYButton.h */,
				042A999326C64D50000B58CF /* FLYButton.m */,
			);
			path = UIButton;
			sourceTree = "<group>";
		};
		04673E11271EB31F002A7B7B /* Encryption(加密解密) */ = {
			isa = PBXGroup;
			children = (
				04660CAF2726798400492326 /* FLYBase64.h */,
				04660CB02726798400492326 /* FLYBase64.m */,
				04660CAC27265D3400492326 /* FLYHash.h */,
				04660CAD27265D3400492326 /* FLYHash.m */,
				04660CA927264EEE00492326 /* FLYAES.h */,
				04660CAA27264EEE00492326 /* FLYAES.m */,
				046D8D9E271FE606004F8F72 /* FLYRSA.h */,
				046D8D9F271FE606004F8F72 /* FLYRSA.m */,
			);
			path = "Encryption(加密解密)";
			sourceTree = "<group>";
		};
		046D190C26E6193800D9FD46 /* My */ = {
			isa = PBXGroup;
			children = (
				046D191D26E61D0300D9FD46 /* Model */,
				046D191C26E61D0100D9FD46 /* View */,
				046D191B26E61CFE00D9FD46 /* Controller */,
			);
			path = My;
			sourceTree = "<group>";
		};
		046D190D26E6193B00D9FD46 /* Message */ = {
			isa = PBXGroup;
			children = (
				046D191A26E61CFC00D9FD46 /* Model */,
				046D191926E61CF900D9FD46 /* View */,
				046D191826E61CF700D9FD46 /* Controller */,
			);
			path = Message;
			sourceTree = "<group>";
		};
		046D190E26E6193E00D9FD46 /* Home */ = {
			isa = PBXGroup;
			children = (
				046D191726E61CF200D9FD46 /* Model */,
				046D191626E61CB300D9FD46 /* View */,
				046D191526E61CB000D9FD46 /* Controller */,
			);
			path = Home;
			sourceTree = "<group>";
		};
		046D190F26E6194200D9FD46 /* Main */ = {
			isa = PBXGroup;
			children = (
				046D192A26E61F5600D9FD46 /* Public */,
				046D192C26E6202800D9FD46 /* Nav&TabBar */,
				046D190E26E6193E00D9FD46 /* Home */,
				046D190D26E6193B00D9FD46 /* Message */,
				046D190C26E6193800D9FD46 /* My */,
			);
			path = Main;
			sourceTree = "<group>";
		};
		046D191026E61A2B00D9FD46 /* Resource */ = {
			isa = PBXGroup;
			children = (
				04803E6D26051C4F006EA35B /* Assets.xcassets */,
				04803E6F26051C4F006EA35B /* LaunchScreen.storyboard */,
				04803E7226051C4F006EA35B /* Info.plist */,
				046D19B126E707A000D9FD46 /* Tabbar.plist */,
				047B5B7D271E6CE600523014 /* jianhua-art.com.cer */,
			);
			path = Resource;
			sourceTree = "<group>";
		};
		046D191126E61A5E00D9FD46 /* AppDelegate */ = {
			isa = PBXGroup;
			children = (
				04803E6126051C4A006EA35B /* AppDelegate.h */,
				04803E6226051C4A006EA35B /* AppDelegate.m */,
				047DC473271550A00012152A /* FLYConfigureSDK.h */,
				047DC474271550A00012152A /* FLYConfigureSDK.m */,
				04803E7326051C4F006EA35B /* main.m */,
			);
			path = AppDelegate;
			sourceTree = "<group>";
		};
		046D191226E61A7B00D9FD46 /* Frameworks */ = {
			isa = PBXGroup;
			children = (
			);
			path = Frameworks;
			sourceTree = "<group>";
		};
		046D191326E61BEE00D9FD46 /* NetWork */ = {
			isa = PBXGroup;
			children = (
				047DC47027119B340012152A /* FLYNetworkTool.h */,
				047DC47127119B340012152A /* FLYNetworkTool.m */,
				047DC46627116F1E0012152A /* FLYNetwork.h */,
				047DC46727116F1E0012152A /* FLYNetwork.m */,
			);
			path = NetWork;
			sourceTree = "<group>";
		};
		046D191426E61C2000D9FD46 /* 3rd */ = {
			isa = PBXGroup;
			children = (
			);
			path = 3rd;
			sourceTree = "<group>";
		};
		046D191526E61CB000D9FD46 /* Controller */ = {
			isa = PBXGroup;
			children = (
				046D19D526E7385F00D9FD46 /* FLYHomeViewController.h */,
				046D19D626E7385F00D9FD46 /* FLYHomeViewController.m */,
				043F1FA627D9F685004F0DD9 /* FLYScanCodeViewController.swift */,
			);
			path = Controller;
			sourceTree = "<group>";
		};
		046D191626E61CB300D9FD46 /* View */ = {
			isa = PBXGroup;
			children = (
			);
			path = View;
			sourceTree = "<group>";
		};
		046D191726E61CF200D9FD46 /* Model */ = {
			isa = PBXGroup;
			children = (
			);
			path = Model;
			sourceTree = "<group>";
		};
		046D191826E61CF700D9FD46 /* Controller */ = {
			isa = PBXGroup;
			children = (
				046D19D826E7389000D9FD46 /* FLYMessageViewController.h */,
				046D19D926E7389000D9FD46 /* FLYMessageViewController.m */,
			);
			path = Controller;
			sourceTree = "<group>";
		};
		046D191926E61CF900D9FD46 /* View */ = {
			isa = PBXGroup;
			children = (
			);
			path = View;
			sourceTree = "<group>";
		};
		046D191A26E61CFC00D9FD46 /* Model */ = {
			isa = PBXGroup;
			children = (
			);
			path = Model;
			sourceTree = "<group>";
		};
		046D191B26E61CFE00D9FD46 /* Controller */ = {
			isa = PBXGroup;
			children = (
				046D19DB26E738A100D9FD46 /* FLYMyViewController.h */,
				046D19DC26E738A100D9FD46 /* FLYMyViewController.m */,
			);
			path = Controller;
			sourceTree = "<group>";
		};
		046D191C26E61D0100D9FD46 /* View */ = {
			isa = PBXGroup;
			children = (
			);
			path = View;
			sourceTree = "<group>";
		};
		046D191D26E61D0300D9FD46 /* Model */ = {
			isa = PBXGroup;
			children = (
			);
			path = Model;
			sourceTree = "<group>";
		};
		046D192A26E61F5600D9FD46 /* Public */ = {
			isa = PBXGroup;
			children = (
				04C2E85126E8A2FE003E7C0C /* Model */,
				04C2E85026E8A2FB003E7C0C /* View */,
				04C2E84F26E8A2F9003E7C0C /* Controller */,
			);
			path = Public;
			sourceTree = "<group>";
		};
		046D192C26E6202800D9FD46 /* Nav&TabBar */ = {
			isa = PBXGroup;
			children = (
				046D193026E620C700D9FD46 /* FLYNavigationController.h */,
				046D193126E620C700D9FD46 /* FLYNavigationController.m */,
				046D192D26E620A300D9FD46 /* FLYTabBarController.h */,
				046D192E26E620A300D9FD46 /* FLYTabBarController.m */,
			);
			path = "Nav&TabBar";
			sourceTree = "<group>";
		};
		046D19C026E733AA00D9FD46 /* UIBarButtonItem */ = {
			isa = PBXGroup;
			children = (
				046D19C226E733AA00D9FD46 /* UIBarButtonItem+FLYExtension.h */,
				046D19C126E733AA00D9FD46 /* UIBarButtonItem+FLYExtension.m */,
			);
			path = UIBarButtonItem;
			sourceTree = "<group>";
		};
		046D19CB26E7379F00D9FD46 /* UIViewController */ = {
			isa = PBXGroup;
			children = (
				046D19CD26E7379F00D9FD46 /* FLYViewController.h */,
				046D19CC26E7379F00D9FD46 /* FLYViewController.m */,
			);
			path = UIViewController;
			sourceTree = "<group>";
		};
		046D19EA26E73ECA00D9FD46 /* FunctionTools */ = {
			isa = PBXGroup;
			children = (
				045F047626CA428000EAFFD9 /* Photo(相册) */,
				045F047226CA41CD00EAFFD9 /* Audio(音效) */,
				045F046E26CA3DCE00EAFFD9 /* Time(时间) */,
				045F046A26CA3D5400EAFFD9 /* File(文件管理者) */,
				04C80D3626F24BF900FD1F62 /* FLYUser */,
				04673E11271EB31F002A7B7B /* Encryption(加密解密) */,
				04A0DF1D272FBC32002C593A /* Keychain(钥匙串) */,
				041D6E6926C3698E008015B6 /* FLYTools.h */,
				041D6E6A26C3698E008015B6 /* FLYTools.m */,
				0407515626E5ADF6005A97FF /* FLYDeviceManager.h */,
				0407515726E5ADF6005A97FF /* FLYDeviceManager.m */,
			);
			path = FunctionTools;
			sourceTree = "<group>";
		};
		046D19EB26E73ECD00D9FD46 /* UITools */ = {
			isa = PBXGroup;
			children = (
				04584EBE27D0CA2C00381E4B /* FLYPopup */,
				044EC98426C66940006BB549 /* FLYPopupView(弹窗) */,
				0424B1022758979800681A3B /* FLYSegmentBar */,
			);
			path = UITools;
			sourceTree = "<group>";
		};
		04803E5526051C4A006EA35B = {
			isa = PBXGroup;
			children = (
				04803E6026051C4A006EA35B /* FLYKit */,
				04803E5F26051C4A006EA35B /* Products */,
				3FEF64E107CBE7A17ACFA484 /* Pods */,
				8D3F8BC3ABE723CA528E364C /* Frameworks */,
			);
			sourceTree = "<group>";
		};
		04803E5F26051C4A006EA35B /* Products */ = {
			isa = PBXGroup;
			children = (
				04803E5E26051C4A006EA35B /* FLYKit.app */,
			);
			name = Products;
			sourceTree = "<group>";
		};
		04803E6026051C4A006EA35B /* FLYKit */ = {
			isa = PBXGroup;
			children = (
				046D190F26E6194200D9FD46 /* Main */,
				046D191326E61BEE00D9FD46 /* NetWork */,
				041D6E6626C3681A008015B6 /* Class */,
				041D6E6726C3683E008015B6 /* Category */,
				041D6E6826C3694F008015B6 /* Tools */,
				044EC98826C66D5D006BB549 /* Constant */,
				046D191026E61A2B00D9FD46 /* Resource */,
				046D191126E61A5E00D9FD46 /* AppDelegate */,
				046D191426E61C2000D9FD46 /* 3rd */,
				046D191226E61A7B00D9FD46 /* Frameworks */,
				0407514A26DE3431005A97FF /* Other */,
			);
			path = FLYKit;
			sourceTree = "<group>";
		};
		0494584126C4C12000A81B70 /* NSString */ = {
			isa = PBXGroup;
			children = (
				047D611727195CC900EEE13F /* NSString+FLYExtension.h */,
				047D611827195CC900EEE13F /* NSString+FLYExtension.m */,
				0494583E26C4C10900A81B70 /* NSString+FLYVerification.h */,
				0494583F26C4C10900A81B70 /* NSString+FLYVerification.m */,
				047DC4762716A7910012152A /* NSString+FLYHandle.h */,
				047DC4772716A7910012152A /* NSString+FLYHandle.m */,
			);
			path = NSString;
			sourceTree = "<group>";
		};
		0494584526C6211000A81B70 /* UIButton */ = {
			isa = PBXGroup;
			children = (
				0494584626C63E3D00A81B70 /* UIButton+FLYExtension.h */,
				0494584726C63E3D00A81B70 /* UIButton+FLYExtension.m */,
			);
			path = UIButton;
			sourceTree = "<group>";
		};
		049B9FFD26FC1EEC00AB7F7C /* UITextField */ = {
			isa = PBXGroup;
			children = (
				049B9FFE26FC1F1300AB7F7C /* FLYTextField.h */,
				049B9FFF26FC1F1300AB7F7C /* FLYTextField.m */,
			);
			path = UITextField;
			sourceTree = "<group>";
		};
		04A0DF1D272FBC32002C593A /* Keychain(钥匙串) */ = {
			isa = PBXGroup;
			children = (
				04A0DF1A272FBC2E002C593A /* FLYKeychain.h */,
				04A0DF1B272FBC2E002C593A /* FLYKeychain.m */,
			);
			path = "Keychain(钥匙串)";
			sourceTree = "<group>";
		};
		04C2E84F26E8A2F9003E7C0C /* Controller */ = {
			isa = PBXGroup;
			children = (
				046D19D226E7382600D9FD46 /* FLYBaseViewController.h */,
				046D19D326E7382600D9FD46 /* FLYBaseViewController.m */,
				0424B0FF2757588900681A3B /* FLYBaseTableViewController.h */,
				0424B1002757588900681A3B /* FLYBaseTableViewController.m */,
				041508A027756AE100D58078 /* FLYBaseCollectionViewController.h */,
				041508A127756AE200D58078 /* FLYBaseCollectionViewController.m */,
			);
			path = Controller;
			sourceTree = "<group>";
		};
		04C2E85026E8A2FB003E7C0C /* View */ = {
			isa = PBXGroup;
			children = (
				0407514C26DE3476005A97FF /* FLYExceptionView.h */,
				0407514B26DE3476005A97FF /* FLYExceptionView.m */,
			);
			path = View;
			sourceTree = "<group>";
		};
		04C2E85126E8A2FE003E7C0C /* Model */ = {
			isa = PBXGroup;
			children = (
				04C2E85526E8A84B003E7C0C /* FLYKeyValueModel.h */,
				04C2E85626E8A84B003E7C0C /* FLYKeyValueModel.m */,
				04729B5B2744A0D5007D0F48 /* FLYModel.h */,
				04729B5C2744A0D5007D0F48 /* FLYModel.m */,
			);
			path = Model;
			sourceTree = "<group>";
		};
		04C80D3626F24BF900FD1F62 /* FLYUser */ = {
			isa = PBXGroup;
			children = (
				04C80D3926F24C1E00FD1F62 /* FLYUser.h */,
				04C80D3726F24C1E00FD1F62 /* FLYUser.m */,
				04C80D3826F24C1E00FD1F62 /* FLYUserAction.h */,
				04C80D3A26F24C1E00FD1F62 /* FLYUserAction.m */,
			);
			path = FLYUser;
			sourceTree = "<group>";
		};
		3FEF64E107CBE7A17ACFA484 /* Pods */ = {
			isa = PBXGroup;
			children = (
				D4E828D598E39EC551AD67AE /* Pods-FLYKit.debug.xcconfig */,
				E2D3712E6CCF21F7E410653D /* Pods-FLYKit.release.xcconfig */,
			);
			path = Pods;
			sourceTree = "<group>";
		};
		8D3F8BC3ABE723CA528E364C /* Frameworks */ = {
			isa = PBXGroup;
			children = (
				452E49C9F5336ED66B640F99 /* Pods_FLYKit.framework */,
			);
			name = Frameworks;
			sourceTree = "<group>";
		};
/* End PBXGroup section */

/* Begin PBXNativeTarget section */
		04803E5D26051C4A006EA35B /* FLYKit */ = {
			isa = PBXNativeTarget;
			buildConfigurationList = 04803E7726051C4F006EA35B /* Build configuration list for PBXNativeTarget "FLYKit" */;
			buildPhases = (
				5272F3B2EBE2900A68E18DF6 /* [CP] Check Pods Manifest.lock */,
				04803E5A26051C4A006EA35B /* Sources */,
				04803E5B26051C4A006EA35B /* Frameworks */,
				04803E5C26051C4A006EA35B /* Resources */,
				94334D8181CA86372110278E /* [CP] Embed Pods Frameworks */,
			);
			buildRules = (
			);
			dependencies = (
			);
			name = FLYKit;
			productName = FLYKit;
			productReference = 04803E5E26051C4A006EA35B /* FLYKit.app */;
			productType = "com.apple.product-type.application";
		};
/* End PBXNativeTarget section */

/* Begin PBXProject section */
		04803E5626051C4A006EA35B /* Project object */ = {
			isa = PBXProject;
			attributes = {
				CLASSPREFIX = FLY;
				LastUpgradeCheck = 1220;
				TargetAttributes = {
					04803E5D26051C4A006EA35B = {
						CreatedOnToolsVersion = 12.2;
						LastSwiftMigration = 1320;
					};
				};
			};
			buildConfigurationList = 04803E5926051C4A006EA35B /* Build configuration list for PBXProject "FLYKit" */;
			compatibilityVersion = "Xcode 9.3";
			developmentRegion = en;
			hasScannedForEncodings = 0;
			knownRegions = (
				en,
				Base,
			);
			mainGroup = 04803E5526051C4A006EA35B;
			productRefGroup = 04803E5F26051C4A006EA35B /* Products */;
			projectDirPath = "";
			projectRoot = "";
			targets = (
				04803E5D26051C4A006EA35B /* FLYKit */,
			);
		};
/* End PBXProject section */

/* Begin PBXResourcesBuildPhase section */
		04803E5C26051C4A006EA35B /* Resources */ = {
			isa = PBXResourcesBuildPhase;
			buildActionMask = 2147483647;
			files = (
				047B5B7E271E6CE600523014 /* jianhua-art.com.cer in Resources */,
				04803E7126051C4F006EA35B /* LaunchScreen.storyboard in Resources */,
				04803E6E26051C4F006EA35B /* Assets.xcassets in Resources */,
				046D19B226E707A100D9FD46 /* Tabbar.plist in Resources */,
			);
			runOnlyForDeploymentPostprocessing = 0;
		};
/* End PBXResourcesBuildPhase section */

/* Begin PBXShellScriptBuildPhase section */
		5272F3B2EBE2900A68E18DF6 /* [CP] Check Pods Manifest.lock */ = {
			isa = PBXShellScriptBuildPhase;
			buildActionMask = 2147483647;
			files = (
			);
			inputFileListPaths = (
			);
			inputPaths = (
				"${PODS_PODFILE_DIR_PATH}/Podfile.lock",
				"${PODS_ROOT}/Manifest.lock",
			);
			name = "[CP] Check Pods Manifest.lock";
			outputFileListPaths = (
			);
			outputPaths = (
				"$(DERIVED_FILE_DIR)/Pods-FLYKit-checkManifestLockResult.txt",
			);
			runOnlyForDeploymentPostprocessing = 0;
			shellPath = /bin/sh;
			shellScript = "diff \"${PODS_PODFILE_DIR_PATH}/Podfile.lock\" \"${PODS_ROOT}/Manifest.lock\" > /dev/null\nif [ $? != 0 ] ; then\n    # print error to STDERR\n    echo \"error: The sandbox is not in sync with the Podfile.lock. Run 'pod install' or update your CocoaPods installation.\" >&2\n    exit 1\nfi\n# This output is used by Xcode 'outputs' to avoid re-running this script phase.\necho \"SUCCESS\" > \"${SCRIPT_OUTPUT_FILE_0}\"\n";
			showEnvVarsInLog = 0;
		};
		94334D8181CA86372110278E /* [CP] Embed Pods Frameworks */ = {
			isa = PBXShellScriptBuildPhase;
			buildActionMask = 2147483647;
			files = (
			);
			inputFileListPaths = (
				"${PODS_ROOT}/Target Support Files/Pods-FLYKit/Pods-FLYKit-frameworks-${CONFIGURATION}-input-files.xcfilelist",
			);
			name = "[CP] Embed Pods Frameworks";
			outputFileListPaths = (
				"${PODS_ROOT}/Target Support Files/Pods-FLYKit/Pods-FLYKit-frameworks-${CONFIGURATION}-output-files.xcfilelist",
			);
			runOnlyForDeploymentPostprocessing = 0;
			shellPath = /bin/sh;
			shellScript = "\"${PODS_ROOT}/Target Support Files/Pods-FLYKit/Pods-FLYKit-frameworks.sh\"\n";
			showEnvVarsInLog = 0;
		};
/* End PBXShellScriptBuildPhase section */

/* Begin PBXSourcesBuildPhase section */
		04803E5A26051C4A006EA35B /* Sources */ = {
			isa = PBXSourcesBuildPhase;
			buildActionMask = 2147483647;
			files = (
				0407514626DE21F3005A97FF /* UICollectionView+FLYRefresh.m in Sources */,
				045F046D26CA3D6C00EAFFD9 /* FLYFileManager.m in Sources */,
				0407515126DF1B67005A97FF /* FLYTextView.m in Sources */,
				041D6E6B26C3698E008015B6 /* FLYTools.m in Sources */,
				046D8DA0271FE606004F8F72 /* FLYRSA.m in Sources */,
				045F047D26CA4FB100EAFFD9 /* FLYCountdownButton.m in Sources */,
				042A999526C64D50000B58CF /* FLYButton.m in Sources */,
				0407512E26D8AFAD005A97FF /* NSDictionary+FLYUnicode.m in Sources */,
				04660CAB27264EEE00492326 /* FLYAES.m in Sources */,
				04729B5D2744A0D5007D0F48 /* FLYModel.m in Sources */,
				04660CB12726798400492326 /* FLYBase64.m in Sources */,
				049BA00026FC1F1300AB7F7C /* FLYTextField.m in Sources */,
				047DC475271550A00012152A /* FLYConfigureSDK.m in Sources */,
				0407514D26DE3476005A97FF /* FLYExceptionView.m in Sources */,
				045F047926CA42AA00EAFFD9 /* FLYPhotoManager.m in Sources */,
				04803E6326051C4A006EA35B /* AppDelegate.m in Sources */,
				04584EC727D0CA6C00381E4B /* FLYPopup.m in Sources */,
				0407515826E5ADF7005A97FF /* FLYDeviceManager.m in Sources */,
				043F1FA727D9F685004F0DD9 /* FLYScanCodeViewController.swift in Sources */,
				044EC98726C66975006BB549 /* FLYPopupView.m in Sources */,
				047DC47227119B340012152A /* FLYNetworkTool.m in Sources */,
				044EC99426C67E47006BB549 /* UIView+FLYLayer.m in Sources */,
				0407513E26D8CC67005A97FF /* NSDate+FLYExtension.m in Sources */,
				047D611927195CC900EEE13F /* NSString+FLYExtension.m in Sources */,
				044EC98326C65D0D006BB549 /* UIAlertController+FLYExtension.m in Sources */,
				04C2E86A26E9CDB9003E7C0C /* UIView+FLYExtension.m in Sources */,
				04778875275DA53300F284F6 /* FLYPageScrollView.m in Sources */,
				04584EC527D0CA6C00381E4B /* FLYPresentationController.m in Sources */,
				0407515526E0A91C005A97FF /* FLYLabel.m in Sources */,
				044EC98D26C678E9006BB549 /* UIView+FLYFrame.m in Sources */,
				046D193226E620C700D9FD46 /* FLYNavigationController.m in Sources */,
				046D19C326E733AB00D9FD46 /* UIBarButtonItem+FLYExtension.m in Sources */,
				0424B1012757588900681A3B /* FLYBaseTableViewController.m in Sources */,
				0494584026C4C10900A81B70 /* NSString+FLYVerification.m in Sources */,
				04C80D3B26F24C1E00FD1F62 /* FLYUser.m in Sources */,
				0407514926DE2200005A97FF /* UITableView+FLYRefresh.m in Sources */,
				04C80D3C26F24C1E00FD1F62 /* FLYUserAction.m in Sources */,
				041508A227756AE200D58078 /* FLYBaseCollectionViewController.m in Sources */,
				04803E7426051C4F006EA35B /* main.m in Sources */,
				04584EC627D0CA6C00381E4B /* FLYAnimated.m in Sources */,
				046D19CE26E7379F00D9FD46 /* FLYViewController.m in Sources */,
				047DC46827116F1E0012152A /* FLYNetwork.m in Sources */,
				04FDB5C2264B7A26006B3B11 /* UIView+FLYLayoutConstraint.m in Sources */,
				04A0DF1C272FBC2E002C593A /* FLYKeychain.m in Sources */,
				0494584826C63E3D00A81B70 /* UIButton+FLYExtension.m in Sources */,
				0407512B26D896D5005A97FF /* NSArray+FLYUnicode.m in Sources */,
				046D19D726E7385F00D9FD46 /* FLYHomeViewController.m in Sources */,
				0424B1082758983A00681A3B /* FLYSegmentBar.m in Sources */,
				0424B1072758983A00681A3B /* FLYSegmentBarConfig.m in Sources */,
				0407513A26D8C98C005A97FF /* UIImageView+FLYExtension.m in Sources */,
				0407513426D8B892005A97FF /* UIImage+FLYExtension.m in Sources */,
				04660CAE27265D3400492326 /* FLYHash.m in Sources */,
				047DC4782716A7910012152A /* NSString+FLYHandle.m in Sources */,
				044EC99026C67C45006BB549 /* UIColor+FLYHex.m in Sources */,
				04C2E85726E8A84B003E7C0C /* FLYKeyValueModel.m in Sources */,
				046D19D426E7382600D9FD46 /* FLYBaseViewController.m in Sources */,
				045F047126CA3DE400EAFFD9 /* FLYTime.m in Sources */,
				045F047526CA41D800EAFFD9 /* FLYAudioTools.m in Sources */,
				046D19DA26E7389000D9FD46 /* FLYMessageViewController.m in Sources */,
				046D192F26E620A300D9FD46 /* FLYTabBarController.m in Sources */,
				046D19DD26E738A100D9FD46 /* FLYMyViewController.m in Sources */,
			);
			runOnlyForDeploymentPostprocessing = 0;
		};
/* End PBXSourcesBuildPhase section */

/* Begin PBXVariantGroup section */
		04803E6F26051C4F006EA35B /* LaunchScreen.storyboard */ = {
			isa = PBXVariantGroup;
			children = (
				04803E7026051C4F006EA35B /* Base */,
			);
			name = LaunchScreen.storyboard;
			sourceTree = "<group>";
		};
/* End PBXVariantGroup section */

/* Begin XCBuildConfiguration section */
		04803E7526051C4F006EA35B /* Debug */ = {
			isa = XCBuildConfiguration;
			buildSettings = {
				ALWAYS_SEARCH_USER_PATHS = NO;
				CLANG_ANALYZER_NONNULL = YES;
				CLANG_ANALYZER_NUMBER_OBJECT_CONVERSION = YES_AGGRESSIVE;
				CLANG_CXX_LANGUAGE_STANDARD = "gnu++14";
				CLANG_CXX_LIBRARY = "libc++";
				CLANG_ENABLE_MODULES = YES;
				CLANG_ENABLE_OBJC_ARC = YES;
				CLANG_ENABLE_OBJC_WEAK = YES;
				CLANG_WARN_BLOCK_CAPTURE_AUTORELEASING = YES;
				CLANG_WARN_BOOL_CONVERSION = YES;
				CLANG_WARN_COMMA = YES;
				CLANG_WARN_CONSTANT_CONVERSION = YES;
				CLANG_WARN_DEPRECATED_OBJC_IMPLEMENTATIONS = YES;
				CLANG_WARN_DIRECT_OBJC_ISA_USAGE = YES_ERROR;
				CLANG_WARN_DOCUMENTATION_COMMENTS = YES;
				CLANG_WARN_EMPTY_BODY = YES;
				CLANG_WARN_ENUM_CONVERSION = YES;
				CLANG_WARN_INFINITE_RECURSION = YES;
				CLANG_WARN_INT_CONVERSION = YES;
				CLANG_WARN_NON_LITERAL_NULL_CONVERSION = YES;
				CLANG_WARN_OBJC_IMPLICIT_RETAIN_SELF = YES;
				CLANG_WARN_OBJC_LITERAL_CONVERSION = YES;
				CLANG_WARN_OBJC_ROOT_CLASS = YES_ERROR;
				CLANG_WARN_QUOTED_INCLUDE_IN_FRAMEWORK_HEADER = YES;
				CLANG_WARN_RANGE_LOOP_ANALYSIS = YES;
				CLANG_WARN_STRICT_PROTOTYPES = YES;
				CLANG_WARN_SUSPICIOUS_MOVE = YES;
				CLANG_WARN_UNGUARDED_AVAILABILITY = YES_AGGRESSIVE;
				CLANG_WARN_UNREACHABLE_CODE = YES;
				CLANG_WARN__DUPLICATE_METHOD_MATCH = YES;
				COPY_PHASE_STRIP = NO;
				DEBUG_INFORMATION_FORMAT = dwarf;
				ENABLE_STRICT_OBJC_MSGSEND = YES;
				ENABLE_TESTABILITY = YES;
				GCC_C_LANGUAGE_STANDARD = gnu11;
				GCC_DYNAMIC_NO_PIC = NO;
				GCC_NO_COMMON_BLOCKS = YES;
				GCC_OPTIMIZATION_LEVEL = 0;
				GCC_PREPROCESSOR_DEFINITIONS = (
					"DEBUG=1",
					"$(inherited)",
				);
				GCC_WARN_64_TO_32_BIT_CONVERSION = YES;
				GCC_WARN_ABOUT_RETURN_TYPE = YES_ERROR;
				GCC_WARN_UNDECLARED_SELECTOR = YES;
				GCC_WARN_UNINITIALIZED_AUTOS = YES_AGGRESSIVE;
				GCC_WARN_UNUSED_FUNCTION = YES;
				GCC_WARN_UNUSED_VARIABLE = YES;
				IPHONEOS_DEPLOYMENT_TARGET = 14.2;
				MTL_ENABLE_DEBUG_INFO = INCLUDE_SOURCE;
				MTL_FAST_MATH = YES;
				ONLY_ACTIVE_ARCH = YES;
				SDKROOT = iphoneos;
			};
			name = Debug;
		};
		04803E7626051C4F006EA35B /* Release */ = {
			isa = XCBuildConfiguration;
			buildSettings = {
				ALWAYS_SEARCH_USER_PATHS = NO;
				CLANG_ANALYZER_NONNULL = YES;
				CLANG_ANALYZER_NUMBER_OBJECT_CONVERSION = YES_AGGRESSIVE;
				CLANG_CXX_LANGUAGE_STANDARD = "gnu++14";
				CLANG_CXX_LIBRARY = "libc++";
				CLANG_ENABLE_MODULES = YES;
				CLANG_ENABLE_OBJC_ARC = YES;
				CLANG_ENABLE_OBJC_WEAK = YES;
				CLANG_WARN_BLOCK_CAPTURE_AUTORELEASING = YES;
				CLANG_WARN_BOOL_CONVERSION = YES;
				CLANG_WARN_COMMA = YES;
				CLANG_WARN_CONSTANT_CONVERSION = YES;
				CLANG_WARN_DEPRECATED_OBJC_IMPLEMENTATIONS = YES;
				CLANG_WARN_DIRECT_OBJC_ISA_USAGE = YES_ERROR;
				CLANG_WARN_DOCUMENTATION_COMMENTS = YES;
				CLANG_WARN_EMPTY_BODY = YES;
				CLANG_WARN_ENUM_CONVERSION = YES;
				CLANG_WARN_INFINITE_RECURSION = YES;
				CLANG_WARN_INT_CONVERSION = YES;
				CLANG_WARN_NON_LITERAL_NULL_CONVERSION = YES;
				CLANG_WARN_OBJC_IMPLICIT_RETAIN_SELF = YES;
				CLANG_WARN_OBJC_LITERAL_CONVERSION = YES;
				CLANG_WARN_OBJC_ROOT_CLASS = YES_ERROR;
				CLANG_WARN_QUOTED_INCLUDE_IN_FRAMEWORK_HEADER = YES;
				CLANG_WARN_RANGE_LOOP_ANALYSIS = YES;
				CLANG_WARN_STRICT_PROTOTYPES = YES;
				CLANG_WARN_SUSPICIOUS_MOVE = YES;
				CLANG_WARN_UNGUARDED_AVAILABILITY = YES_AGGRESSIVE;
				CLANG_WARN_UNREACHABLE_CODE = YES;
				CLANG_WARN__DUPLICATE_METHOD_MATCH = YES;
				COPY_PHASE_STRIP = NO;
				DEBUG_INFORMATION_FORMAT = "dwarf-with-dsym";
				ENABLE_NS_ASSERTIONS = NO;
				ENABLE_STRICT_OBJC_MSGSEND = YES;
				GCC_C_LANGUAGE_STANDARD = gnu11;
				GCC_NO_COMMON_BLOCKS = YES;
				GCC_WARN_64_TO_32_BIT_CONVERSION = YES;
				GCC_WARN_ABOUT_RETURN_TYPE = YES_ERROR;
				GCC_WARN_UNDECLARED_SELECTOR = YES;
				GCC_WARN_UNINITIALIZED_AUTOS = YES_AGGRESSIVE;
				GCC_WARN_UNUSED_FUNCTION = YES;
				GCC_WARN_UNUSED_VARIABLE = YES;
				IPHONEOS_DEPLOYMENT_TARGET = 14.2;
				MTL_ENABLE_DEBUG_INFO = NO;
				MTL_FAST_MATH = YES;
				SDKROOT = iphoneos;
				VALIDATE_PRODUCT = YES;
			};
			name = Release;
		};
		04803E7826051C4F006EA35B /* Debug */ = {
			isa = XCBuildConfiguration;
			baseConfigurationReference = D4E828D598E39EC551AD67AE /* Pods-FLYKit.debug.xcconfig */;
			buildSettings = {
				ASSETCATALOG_COMPILER_APPICON_NAME = AppIcon;
				ASSETCATALOG_COMPILER_GLOBAL_ACCENT_COLOR_NAME = AccentColor;
				CLANG_ENABLE_MODULES = YES;
				CODE_SIGN_STYLE = Automatic;
				DEVELOPMENT_TEAM = KN8JCXK32F;
				GCC_PREFIX_HEADER = "${SRCROOT}/FLYKit/Constant/PrefixHeader.pch";
				INFOPLIST_FILE = FLYKit/Resource/Info.plist;
				IPHONEOS_DEPLOYMENT_TARGET = 11.0;
				LD_RUNPATH_SEARCH_PATHS = (
					"$(inherited)",
					"@executable_path/Frameworks",
				);
				PRODUCT_BUNDLE_IDENTIFIER = fly.FLYKit;
				PRODUCT_NAME = "$(TARGET_NAME)";
				SWIFT_OBJC_BRIDGING_HEADER = "FLYKit/Constant/FLYKit-Bridging-Header.h";
				SWIFT_OPTIMIZATION_LEVEL = "-Onone";
				SWIFT_VERSION = 5.0;
				TARGETED_DEVICE_FAMILY = 1;
			};
			name = Debug;
		};
		04803E7926051C4F006EA35B /* Release */ = {
			isa = XCBuildConfiguration;
			baseConfigurationReference = E2D3712E6CCF21F7E410653D /* Pods-FLYKit.release.xcconfig */;
			buildSettings = {
				ASSETCATALOG_COMPILER_APPICON_NAME = AppIcon;
				ASSETCATALOG_COMPILER_GLOBAL_ACCENT_COLOR_NAME = AccentColor;
				CLANG_ENABLE_MODULES = YES;
				CODE_SIGN_STYLE = Automatic;
				DEVELOPMENT_TEAM = KN8JCXK32F;
				GCC_PREFIX_HEADER = "${SRCROOT}/FLYKit/Constant/PrefixHeader.pch";
				INFOPLIST_FILE = FLYKit/Resource/Info.plist;
				IPHONEOS_DEPLOYMENT_TARGET = 11.0;
				LD_RUNPATH_SEARCH_PATHS = (
					"$(inherited)",
					"@executable_path/Frameworks",
				);
				PRODUCT_BUNDLE_IDENTIFIER = fly.FLYKit;
				PRODUCT_NAME = "$(TARGET_NAME)";
				SWIFT_OBJC_BRIDGING_HEADER = "FLYKit/Constant/FLYKit-Bridging-Header.h";
				SWIFT_VERSION = 5.0;
				TARGETED_DEVICE_FAMILY = 1;
			};
			name = Release;
		};
/* End XCBuildConfiguration section */

/* Begin XCConfigurationList section */
		04803E5926051C4A006EA35B /* Build configuration list for PBXProject "FLYKit" */ = {
			isa = XCConfigurationList;
			buildConfigurations = (
				04803E7526051C4F006EA35B /* Debug */,
				04803E7626051C4F006EA35B /* Release */,
			);
			defaultConfigurationIsVisible = 0;
			defaultConfigurationName = Release;
		};
		04803E7726051C4F006EA35B /* Build configuration list for PBXNativeTarget "FLYKit" */ = {
			isa = XCConfigurationList;
			buildConfigurations = (
				04803E7826051C4F006EA35B /* Debug */,
				04803E7926051C4F006EA35B /* Release */,
			);
			defaultConfigurationIsVisible = 0;
			defaultConfigurationName = Release;
		};
/* End XCConfigurationList section */
	};
	rootObject = 04803E5626051C4A006EA35B /* Project object */;
}
